
Microsoft Visual Studio Solution File, Format Version 12.00
# Visual Studio 15
VisualStudioVersion = 15.0.28307.1800
MinimumVisualStudioVersion = 10.0.40219.1
Project("{FAE04EC0-301F-11D3-BF4B-00C04F79EFBC}") = "TeamApplication", "TeamApplication\TeamApplication.csproj", "{84222DE6-7163-474E-9672-842A2855769B}"
EndProject
Project("{FAE04EC0-301F-11D3-BF4B-00C04F79EFBC}") = "DataLayer", "DataLayer\DataLayer.csproj", "{915AD105-08A7-4F80-8DB0-3EDE649337DF}"
EndProject
Global
	GlobalSection(SolutionConfigurationPlatforms) = preSolution
		Debug|Any CPU = Debug|Any CPU
		Release|Any CPU = Release|Any CPU
	EndGlobalSection
	GlobalSection(ProjectConfigurationPlatforms) = postSolution
		{84222DE6-7163-474E-9672-842A2855769B}.Debug|Any CPU.ActiveCfg = Debug|Any CPU
		{84222DE6-7163-474E-9672-842A2855769B}.Debug|Any CPU.Build.0 = Debug|Any CPU
		{84222DE6-7163-474E-9672-842A2855769B}.Release|Any CPU.ActiveCfg = Release|Any CPU
		{84222DE6-7163-474E-9672-842A2855769B}.Release|Any CPU.Build.0 = Release|Any CPU
		{915AD105-08A7-4F80-8DB0-3EDE649337DF}.Debug|Any CPU.ActiveCfg = Debug|Any CPU
		{915AD105-08A7-4F80-8DB0-3EDE649337DF}.Debug|Any CPU.Build.0 = Debug|Any CPU
		{915AD105-08A7-4F80-8DB0-3EDE649337DF}.Release|Any CPU.ActiveCfg = Release|Any CPU
		{915AD105-08A7-4F80-8DB0-3EDE649337DF}.Release|Any CPU.Build.0 = Release|Any CPU
	EndGlobalSection
	GlobalSection(SolutionProperties) = preSolution
		HideSolutionNode = FALSE
	EndGlobalSection
	GlobalSection(ExtensibilityGlobals) = postSolution
		SolutionGuid = {DDE03ED4-D0AE-463B-9B00-C4C8E209D62F}
	EndGlobalSection
EndGlobal
